// !$*UTF8*$!
{
	archiveVersion = 1;
	classes = {
	};
	objectVersion = 55;
	objects = {

/* Begin PBXBuildFile section */
		A21AA5DB289639C6005DD620 /* Views in Frameworks */ = {isa = PBXBuildFile; productRef = A21AA5DA289639C6005DD620 /* Views */; };
		A259062C286473F0002DDE5F /* SmartCitizenApp.swift in Sources */ = {isa = PBXBuildFile; fileRef = A20251F8285B50DA0023F743 /* SmartCitizenApp.swift */; };
		A259063328647B0B002DDE5F /* Assets.xcassets in Resources */ = {isa = PBXBuildFile; fileRef = A20251F6285B50DA0023F743 /* Assets.xcassets */; };
		A259063428647B0B002DDE5F /* Icons.xcassets in Resources */ = {isa = PBXBuildFile; fileRef = A20251F7285B50DA0023F743 /* Icons.xcassets */; };
		A28DD70D2892978700EBAFE5 /* Views in Frameworks */ = {isa = PBXBuildFile; productRef = A28DD70C2892978700EBAFE5 /* Views */; };
		A2A6B8152892A51300A89374 /* Assets.xcassets in Resources */ = {isa = PBXBuildFile; fileRef = A20251F6285B50DA0023F743 /* Assets.xcassets */; };
		A2AD5372289294A30089A2B3 /* SmartCitizenClip.swift in Sources */ = {isa = PBXBuildFile; fileRef = A2AD5371289294A30089A2B3 /* SmartCitizenClip.swift */; };
		A2AD5374289294A30089A2B3 /* ContentView.swift in Sources */ = {isa = PBXBuildFile; fileRef = A2AD5373289294A30089A2B3 /* ContentView.swift */; };
		A2AD537F289294A30089A2B3 /* Smart Citizen Clip.app in Embed App Clips */ = {isa = PBXBuildFile; fileRef = A2AD536F289294A30089A2B3 /* Smart Citizen Clip.app */; settings = {ATTRIBUTES = (RemoveHeadersOnCopy, ); }; };
		A2AD5383289295EF0089A2B3 /* Icons.xcassets in Resources */ = {isa = PBXBuildFile; fileRef = A20251F7285B50DA0023F743 /* Icons.xcassets */; };
/* End PBXBuildFile section */

/* Begin PBXContainerItemProxy section */
		A2AD537C289294A30089A2B3 /* PBXContainerItemProxy */ = {
			isa = PBXContainerItemProxy;
			containerPortal = A2F0E4082786FBD0000514BF /* Project object */;
			proxyType = 1;
			remoteGlobalIDString = A2AD536E289294A30089A2B3;
			remoteInfo = SmartCitizenClip;
		};
/* End PBXContainerItemProxy section */

/* Begin PBXCopyFilesBuildPhase section */
		A2AD537E289294A30089A2B3 /* Embed App Clips */ = {
			isa = PBXCopyFilesBuildPhase;
			buildActionMask = 2147483647;
			dstPath = "$(CONTENTS_FOLDER_PATH)/AppClips";
			dstSubfolderSpec = 16;
			files = (
				A2AD537F289294A30089A2B3 /* Smart Citizen Clip.app in Embed App Clips */,
			);
			name = "Embed App Clips";
			runOnlyForDeploymentPostprocessing = 0;
		};
/* End PBXCopyFilesBuildPhase section */

/* Begin PBXFileReference section */
		A20251EB285B4B6E0023F743 /* SmartCitizen */ = {isa = PBXFileReference; lastKnownFileType = wrapper; name = SmartCitizen; path = ..; sourceTree = "<group>"; };
		A20251F6285B50DA0023F743 /* Assets.xcassets */ = {isa = PBXFileReference; lastKnownFileType = folder.assetcatalog; path = Assets.xcassets; sourceTree = "<group>"; };
		A20251F7285B50DA0023F743 /* Icons.xcassets */ = {isa = PBXFileReference; lastKnownFileType = folder.assetcatalog; path = Icons.xcassets; sourceTree = "<group>"; };
		A20251F8285B50DA0023F743 /* SmartCitizenApp.swift */ = {isa = PBXFileReference; fileEncoding = 4; lastKnownFileType = sourcecode.swift; path = SmartCitizenApp.swift; sourceTree = "<group>"; };
		A24E12052896454000C20326 /* Info.plist */ = {isa = PBXFileReference; lastKnownFileType = text.plist; path = Info.plist; sourceTree = "<group>"; };
		A2590605286470CE002DDE5F /* iOS.entitlements */ = {isa = PBXFileReference; lastKnownFileType = text.plist.entitlements; path = iOS.entitlements; sourceTree = "<group>"; };
		A259061E28647383002DDE5F /* Smart Citizen.app */ = {isa = PBXFileReference; explicitFileType = wrapper.application; includeInIndex = 0; path = "Smart Citizen.app"; sourceTree = BUILT_PRODUCTS_DIR; };
		A2590631286476C6002DDE5F /* Config.xcconfig */ = {isa = PBXFileReference; lastKnownFileType = text.xcconfig; path = Config.xcconfig; sourceTree = "<group>"; };
		A2AD536F289294A30089A2B3 /* Smart Citizen Clip.app */ = {isa = PBXFileReference; explicitFileType = wrapper.application; includeInIndex = 0; path = "Smart Citizen Clip.app"; sourceTree = BUILT_PRODUCTS_DIR; };
		A2AD5371289294A30089A2B3 /* SmartCitizenClip.swift */ = {isa = PBXFileReference; lastKnownFileType = sourcecode.swift; path = SmartCitizenClip.swift; sourceTree = "<group>"; };
		A2AD5373289294A30089A2B3 /* ContentView.swift */ = {isa = PBXFileReference; lastKnownFileType = sourcecode.swift; path = ContentView.swift; sourceTree = "<group>"; };
		A2AD537A289294A30089A2B3 /* Info.plist */ = {isa = PBXFileReference; lastKnownFileType = text.plist.xml; path = Info.plist; sourceTree = "<group>"; };
		A2AD537B289294A30089A2B3 /* SmartCitizenClip.entitlements */ = {isa = PBXFileReference; lastKnownFileType = text.plist.entitlements; path = SmartCitizenClip.entitlements; sourceTree = "<group>"; };
/* End PBXFileReference section */

/* Begin PBXFrameworksBuildPhase section */
		A259061B28647383002DDE5F /* Frameworks */ = {
			isa = PBXFrameworksBuildPhase;
			buildActionMask = 2147483647;
			files = (
				A21AA5DB289639C6005DD620 /* Views in Frameworks */,
			);
			runOnlyForDeploymentPostprocessing = 0;
		};
		A2AD536C289294A30089A2B3 /* Frameworks */ = {
			isa = PBXFrameworksBuildPhase;
			buildActionMask = 2147483647;
			files = (
				A28DD70D2892978700EBAFE5 /* Views in Frameworks */,
			);
			runOnlyForDeploymentPostprocessing = 0;
		};
/* End PBXFrameworksBuildPhase section */

/* Begin PBXGroup section */
		A20251F5285B50DA0023F743 /* SmartCitizenApp */ = {
			isa = PBXGroup;
			children = (
				A24E12052896454000C20326 /* Info.plist */,
				A2590631286476C6002DDE5F /* Config.xcconfig */,
				A2590605286470CE002DDE5F /* iOS.entitlements */,
				A20251F6285B50DA0023F743 /* Assets.xcassets */,
				A20251F7285B50DA0023F743 /* Icons.xcassets */,
				A20251F8285B50DA0023F743 /* SmartCitizenApp.swift */,
			);
			path = SmartCitizenApp;
			sourceTree = "<group>";
		};
		A20ECA25285B515600987815 /* Frameworks */ = {
			isa = PBXGroup;
			children = (
			);
			name = Frameworks;
			sourceTree = "<group>";
		};
		A2AD5370289294A30089A2B3 /* SmartCitizenClip */ = {
			isa = PBXGroup;
			children = (
				A2AD5371289294A30089A2B3 /* SmartCitizenClip.swift */,
				A2AD5373289294A30089A2B3 /* ContentView.swift */,
				A2AD537A289294A30089A2B3 /* Info.plist */,
				A2AD537B289294A30089A2B3 /* SmartCitizenClip.entitlements */,
			);
			path = SmartCitizenClip;
			sourceTree = "<group>";
		};
		A2F0E4072786FBD0000514BF = {
			isa = PBXGroup;
			children = (
				A20251EB285B4B6E0023F743 /* SmartCitizen */,
				A20251F5285B50DA0023F743 /* SmartCitizenApp */,
				A2AD5370289294A30089A2B3 /* SmartCitizenClip */,
				A2F0E4152786FBD1000514BF /* Products */,
				A20ECA25285B515600987815 /* Frameworks */,
			);
			sourceTree = "<group>";
		};
		A2F0E4152786FBD1000514BF /* Products */ = {
			isa = PBXGroup;
			children = (
				A259061E28647383002DDE5F /* Smart Citizen.app */,
				A2AD536F289294A30089A2B3 /* Smart Citizen Clip.app */,
			);
			name = Products;
			sourceTree = "<group>";
		};
/* End PBXGroup section */

/* Begin PBXNativeTarget section */
		A259061D28647383002DDE5F /* SmartCitizenApp */ = {
			isa = PBXNativeTarget;
			buildConfigurationList = A259062928647383002DDE5F /* Build configuration list for PBXNativeTarget "SmartCitizenApp" */;
			buildPhases = (
				A259061A28647383002DDE5F /* Sources */,
				A259061B28647383002DDE5F /* Frameworks */,
				A259061C28647383002DDE5F /* Resources */,
				A2AD537E289294A30089A2B3 /* Embed App Clips */,
			);
			buildRules = (
			);
			dependencies = (
				A2AD537D289294A30089A2B3 /* PBXTargetDependency */,
			);
			name = SmartCitizenApp;
			packageProductDependencies = (
				A21AA5DA289639C6005DD620 /* Views */,
			);
			productName = SmartCitizen;
			productReference = A259061E28647383002DDE5F /* Smart Citizen.app */;
			productType = "com.apple.product-type.application";
		};
		A2AD536E289294A30089A2B3 /* SmartCitizenClip */ = {
			isa = PBXNativeTarget;
			buildConfigurationList = A2AD5382289294A30089A2B3 /* Build configuration list for PBXNativeTarget "SmartCitizenClip" */;
			buildPhases = (
				A2AD536B289294A30089A2B3 /* Sources */,
				A2AD536C289294A30089A2B3 /* Frameworks */,
				A2AD536D289294A30089A2B3 /* Resources */,
			);
			buildRules = (
			);
			dependencies = (
			);
			name = SmartCitizenClip;
			packageProductDependencies = (
				A28DD70C2892978700EBAFE5 /* Views */,
			);
			productName = SmartCitizenClip;
			productReference = A2AD536F289294A30089A2B3 /* Smart Citizen Clip.app */;
			productType = "com.apple.product-type.application.on-demand-install-capable";
		};
/* End PBXNativeTarget section */

/* Begin PBXProject section */
		A2F0E4082786FBD0000514BF /* Project object */ = {
			isa = PBXProject;
			attributes = {
				BuildIndependentTargetsInParallel = 1;
				LastSwiftUpdateCheck = 1340;
				LastUpgradeCheck = 1400;
				ORGANIZATIONNAME = "Frederik Vogel";
				TargetAttributes = {
					A259061D28647383002DDE5F = {
						CreatedOnToolsVersion = 13.4;
					};
					A2AD536E289294A30089A2B3 = {
						CreatedOnToolsVersion = 13.4;
					};
				};
			};
			buildConfigurationList = A2F0E40B2786FBD0000514BF /* Build configuration list for PBXProject "SmartCitizen" */;
			compatibilityVersion = "Xcode 13.0";
			developmentRegion = en;
			hasScannedForEncodings = 0;
			knownRegions = (
				en,
				Base,
			);
			mainGroup = A2F0E4072786FBD0000514BF;
			packageReferences = (
			);
			productRefGroup = A2F0E4152786FBD1000514BF /* Products */;
			projectDirPath = "";
			projectRoot = "";
			targets = (
				A259061D28647383002DDE5F /* SmartCitizenApp */,
				A2AD536E289294A30089A2B3 /* SmartCitizenClip */,
			);
		};
/* End PBXProject section */

/* Begin PBXResourcesBuildPhase section */
		A259061C28647383002DDE5F /* Resources */ = {
			isa = PBXResourcesBuildPhase;
			buildActionMask = 2147483647;
			files = (
				A259063328647B0B002DDE5F /* Assets.xcassets in Resources */,
				A259063428647B0B002DDE5F /* Icons.xcassets in Resources */,
			);
			runOnlyForDeploymentPostprocessing = 0;
		};
		A2AD536D289294A30089A2B3 /* Resources */ = {
			isa = PBXResourcesBuildPhase;
			buildActionMask = 2147483647;
			files = (
				A2A6B8152892A51300A89374 /* Assets.xcassets in Resources */,
				A2AD5383289295EF0089A2B3 /* Icons.xcassets in Resources */,
			);
			runOnlyForDeploymentPostprocessing = 0;
		};
/* End PBXResourcesBuildPhase section */

/* Begin PBXSourcesBuildPhase section */
		A259061A28647383002DDE5F /* Sources */ = {
			isa = PBXSourcesBuildPhase;
			buildActionMask = 2147483647;
			files = (
				A259062C286473F0002DDE5F /* SmartCitizenApp.swift in Sources */,
			);
			runOnlyForDeploymentPostprocessing = 0;
		};
		A2AD536B289294A30089A2B3 /* Sources */ = {
			isa = PBXSourcesBuildPhase;
			buildActionMask = 2147483647;
			files = (
				A2AD5374289294A30089A2B3 /* ContentView.swift in Sources */,
				A2AD5372289294A30089A2B3 /* SmartCitizenClip.swift in Sources */,
			);
			runOnlyForDeploymentPostprocessing = 0;
		};
/* End PBXSourcesBuildPhase section */

/* Begin PBXTargetDependency section */
		A2AD537D289294A30089A2B3 /* PBXTargetDependency */ = {
			isa = PBXTargetDependency;
			target = A2AD536E289294A30089A2B3 /* SmartCitizenClip */;
			targetProxy = A2AD537C289294A30089A2B3 /* PBXContainerItemProxy */;
		};
/* End PBXTargetDependency section */

/* Begin XCBuildConfiguration section */
		A259062A28647383002DDE5F /* Debug */ = {
			isa = XCBuildConfiguration;
			baseConfigurationReference = A2590631286476C6002DDE5F /* Config.xcconfig */;
			buildSettings = {
				ALWAYS_EMBED_SWIFT_STANDARD_LIBRARIES = YES;
				ASSETCATALOG_COMPILER_APPICON_NAME = AppIcon;
				CODE_SIGN_STYLE = Automatic;
				DEVELOPMENT_ASSET_PATHS = "\"../Sources/Views/Preview Content\"";
				DEVELOPMENT_TEAM = JNSL3B72G6;
				ENABLE_PREVIEWS = YES;
				GENERATE_INFOPLIST_FILE = YES;
				INFOPLIST_FILE = SmartCitizenApp/Info.plist;
				INFOPLIST_KEY_UIApplicationSceneManifest_Generation = YES;
				INFOPLIST_KEY_UIApplicationSupportsIndirectInputEvents = YES;
				INFOPLIST_KEY_UILaunchScreen_Generation = YES;
				INFOPLIST_KEY_UISupportedInterfaceOrientations_iPad = "UIInterfaceOrientationPortrait UIInterfaceOrientationPortraitUpsideDown UIInterfaceOrientationLandscapeLeft UIInterfaceOrientationLandscapeRight";
				INFOPLIST_KEY_UISupportedInterfaceOrientations_iPhone = "UIInterfaceOrientationPortrait UIInterfaceOrientationLandscapeLeft UIInterfaceOrientationLandscapeRight";
				LD_RUNPATH_SEARCH_PATHS = (
					"$(inherited)",
					"@executable_path/Frameworks",
				);
				SDKROOT = iphoneos;
				SWIFT_EMIT_LOC_STRINGS = YES;
				SWIFT_VERSION = 5.0;
				TARGETED_DEVICE_FAMILY = "1,2";
			};
			name = Debug;
		};
		A259062B28647383002DDE5F /* Release */ = {
			isa = XCBuildConfiguration;
			baseConfigurationReference = A2590631286476C6002DDE5F /* Config.xcconfig */;
			buildSettings = {
				ALWAYS_EMBED_SWIFT_STANDARD_LIBRARIES = YES;
				ASSETCATALOG_COMPILER_APPICON_NAME = AppIcon;
				CODE_SIGN_STYLE = Automatic;
				DEVELOPMENT_ASSET_PATHS = "\"../Sources/Views/Preview Content\"";
				DEVELOPMENT_TEAM = JNSL3B72G6;
				ENABLE_PREVIEWS = YES;
				GENERATE_INFOPLIST_FILE = YES;
				INFOPLIST_FILE = SmartCitizenApp/Info.plist;
				INFOPLIST_KEY_UIApplicationSceneManifest_Generation = YES;
				INFOPLIST_KEY_UIApplicationSupportsIndirectInputEvents = YES;
				INFOPLIST_KEY_UILaunchScreen_Generation = YES;
				INFOPLIST_KEY_UISupportedInterfaceOrientations_iPad = "UIInterfaceOrientationPortrait UIInterfaceOrientationPortraitUpsideDown UIInterfaceOrientationLandscapeLeft UIInterfaceOrientationLandscapeRight";
				INFOPLIST_KEY_UISupportedInterfaceOrientations_iPhone = "UIInterfaceOrientationPortrait UIInterfaceOrientationLandscapeLeft UIInterfaceOrientationLandscapeRight";
				LD_RUNPATH_SEARCH_PATHS = (
					"$(inherited)",
					"@executable_path/Frameworks",
				);
				SDKROOT = iphoneos;
				SWIFT_EMIT_LOC_STRINGS = YES;
				SWIFT_VERSION = 5.0;
				TARGETED_DEVICE_FAMILY = "1,2";
				VALIDATE_PRODUCT = YES;
			};
			name = Release;
		};
		A2AD5380289294A30089A2B3 /* Debug */ = {
			isa = XCBuildConfiguration;
			baseConfigurationReference = A2590631286476C6002DDE5F /* Config.xcconfig */;
			buildSettings = {
				ASSETCATALOG_COMPILER_APPICON_NAME = AppIcon;
				ASSETCATALOG_COMPILER_GLOBAL_ACCENT_COLOR_NAME = AccentColor;
				CODE_SIGN_ENTITLEMENTS = SmartCitizenClip/SmartCitizenClip.entitlements;
				CODE_SIGN_STYLE = Automatic;
				DEVELOPMENT_ASSET_PATHS = "\"../Sources/Views/Preview Content\"";
				ENABLE_PREVIEWS = YES;
				GENERATE_INFOPLIST_FILE = YES;
				INFOPLIST_FILE = SmartCitizenClip/Info.plist;
				INFOPLIST_KEY_UIApplicationSceneManifest_Generation = YES;
				INFOPLIST_KEY_UIApplicationSupportsIndirectInputEvents = YES;
				INFOPLIST_KEY_UILaunchScreen_Generation = YES;
				INFOPLIST_KEY_UISupportedInterfaceOrientations_iPad = "UIInterfaceOrientationPortrait UIInterfaceOrientationPortraitUpsideDown UIInterfaceOrientationLandscapeLeft UIInterfaceOrientationLandscapeRight";
				INFOPLIST_KEY_UISupportedInterfaceOrientations_iPhone = "UIInterfaceOrientationPortrait UIInterfaceOrientationLandscapeLeft UIInterfaceOrientationLandscapeRight";
				LD_RUNPATH_SEARCH_PATHS = (
					"$(inherited)",
					"@executable_path/Frameworks",
				);
				PRODUCT_BUNDLE_IDENTIFIER = "$(PRODUCT_BUNDLE_IDENTIFIER).clip";
				PRODUCT_NAME = "$(PRODUCT_NAME) Clip";
				SDKROOT = iphoneos;
				SWIFT_EMIT_LOC_STRINGS = YES;
				SWIFT_VERSION = 5.0;
				TARGETED_DEVICE_FAMILY = "1,2";
			};
			name = Debug;
		};
		A2AD5381289294A30089A2B3 /* Release */ = {
			isa = XCBuildConfiguration;
			baseConfigurationReference = A2590631286476C6002DDE5F /* Config.xcconfig */;
			buildSettings = {
				ASSETCATALOG_COMPILER_APPICON_NAME = AppIcon;
				ASSETCATALOG_COMPILER_GLOBAL_ACCENT_COLOR_NAME = AccentColor;
				CODE_SIGN_ENTITLEMENTS = SmartCitizenClip/SmartCitizenClip.entitlements;
				CODE_SIGN_STYLE = Automatic;
				DEVELOPMENT_ASSET_PATHS = "\"../Sources/Views/Preview Content\"";
				ENABLE_PREVIEWS = YES;
				GENERATE_INFOPLIST_FILE = YES;
				INFOPLIST_FILE = SmartCitizenClip/Info.plist;
				INFOPLIST_KEY_UIApplicationSceneManifest_Generation = YES;
				INFOPLIST_KEY_UIApplicationSupportsIndirectInputEvents = YES;
				INFOPLIST_KEY_UILaunchScreen_Generation = YES;
				INFOPLIST_KEY_UISupportedInterfaceOrientations_iPad = "UIInterfaceOrientationPortrait UIInterfaceOrientationPortraitUpsideDown UIInterfaceOrientationLandscapeLeft UIInterfaceOrientationLandscapeRight";
				INFOPLIST_KEY_UISupportedInterfaceOrientations_iPhone = "UIInterfaceOrientationPortrait UIInterfaceOrientationLandscapeLeft UIInterfaceOrientationLandscapeRight";
				LD_RUNPATH_SEARCH_PATHS = (
					"$(inherited)",
					"@executable_path/Frameworks",
				);
				PRODUCT_BUNDLE_IDENTIFIER = "$(PRODUCT_BUNDLE_IDENTIFIER).clip";
				PRODUCT_NAME = "$(PRODUCT_NAME) Clip";
				SDKROOT = iphoneos;
				SWIFT_EMIT_LOC_STRINGS = YES;
				SWIFT_VERSION = 5.0;
				TARGETED_DEVICE_FAMILY = "1,2";
				VALIDATE_PRODUCT = YES;
			};
			name = Release;
		};
		A2F0E4232786FBD1000514BF /* Debug */ = {
			isa = XCBuildConfiguration;
			buildSettings = {
				ALWAYS_SEARCH_USER_PATHS = NO;
				CLANG_ANALYZER_NONNULL = YES;
				CLANG_ANALYZER_NUMBER_OBJECT_CONVERSION = YES_AGGRESSIVE;
				CLANG_CXX_LANGUAGE_STANDARD = "gnu++17";
				CLANG_CXX_LIBRARY = "libc++";
				CLANG_ENABLE_MODULES = YES;
				CLANG_ENABLE_OBJC_ARC = YES;
				CLANG_ENABLE_OBJC_WEAK = YES;
				CLANG_WARN_BLOCK_CAPTURE_AUTORELEASING = YES;
				CLANG_WARN_BOOL_CONVERSION = YES;
				CLANG_WARN_COMMA = YES;
				CLANG_WARN_CONSTANT_CONVERSION = YES;
				CLANG_WARN_DEPRECATED_OBJC_IMPLEMENTATIONS = YES;
				CLANG_WARN_DIRECT_OBJC_ISA_USAGE = YES_ERROR;
				CLANG_WARN_DOCUMENTATION_COMMENTS = YES;
				CLANG_WARN_EMPTY_BODY = YES;
				CLANG_WARN_ENUM_CONVERSION = YES;
				CLANG_WARN_INFINITE_RECURSION = YES;
				CLANG_WARN_INT_CONVERSION = YES;
				CLANG_WARN_NON_LITERAL_NULL_CONVERSION = YES;
				CLANG_WARN_OBJC_IMPLICIT_RETAIN_SELF = YES;
				CLANG_WARN_OBJC_LITERAL_CONVERSION = YES;
				CLANG_WARN_OBJC_ROOT_CLASS = YES_ERROR;
				CLANG_WARN_QUOTED_INCLUDE_IN_FRAMEWORK_HEADER = YES;
				CLANG_WARN_RANGE_LOOP_ANALYSIS = YES;
				CLANG_WARN_STRICT_PROTOTYPES = YES;
				CLANG_WARN_SUSPICIOUS_MOVE = YES;
				CLANG_WARN_UNGUARDED_AVAILABILITY = YES_AGGRESSIVE;
				CLANG_WARN_UNREACHABLE_CODE = YES;
				CLANG_WARN__DUPLICATE_METHOD_MATCH = YES;
				COPY_PHASE_STRIP = NO;
				DEAD_CODE_STRIPPING = YES;
				DEBUG_INFORMATION_FORMAT = dwarf;
				ENABLE_STRICT_OBJC_MSGSEND = YES;
				ENABLE_TESTABILITY = YES;
				GCC_C_LANGUAGE_STANDARD = gnu11;
				GCC_DYNAMIC_NO_PIC = NO;
				GCC_NO_COMMON_BLOCKS = YES;
				GCC_OPTIMIZATION_LEVEL = 0;
				GCC_PREPROCESSOR_DEFINITIONS = (
					"DEBUG=1",
					"$(inherited)",
				);
				GCC_WARN_64_TO_32_BIT_CONVERSION = YES;
				GCC_WARN_ABOUT_RETURN_TYPE = YES_ERROR;
				GCC_WARN_UNDECLARED_SELECTOR = YES;
				GCC_WARN_UNINITIALIZED_AUTOS = YES_AGGRESSIVE;
				GCC_WARN_UNUSED_FUNCTION = YES;
				GCC_WARN_UNUSED_VARIABLE = YES;
				IPHONEOS_DEPLOYMENT_TARGET = 16.0;
				MTL_ENABLE_DEBUG_INFO = INCLUDE_SOURCE;
				MTL_FAST_MATH = YES;
				ONLY_ACTIVE_ARCH = YES;
				SWIFT_ACTIVE_COMPILATION_CONDITIONS = DEBUG;
				SWIFT_OPTIMIZATION_LEVEL = "-Onone";
			};
			name = Debug;
		};
		A2F0E4242786FBD1000514BF /* Release */ = {
			isa = XCBuildConfiguration;
			buildSettings = {
				ALWAYS_SEARCH_USER_PATHS = NO;
				CLANG_ANALYZER_NONNULL = YES;
				CLANG_ANALYZER_NUMBER_OBJECT_CONVERSION = YES_AGGRESSIVE;
				CLANG_CXX_LANGUAGE_STANDARD = "gnu++17";
				CLANG_CXX_LIBRARY = "libc++";
				CLANG_ENABLE_MODULES = YES;
				CLANG_ENABLE_OBJC_ARC = YES;
				CLANG_ENABLE_OBJC_WEAK = YES;
				CLANG_WARN_BLOCK_CAPTURE_AUTORELEASING = YES;
				CLANG_WARN_BOOL_CONVERSION = YES;
				CLANG_WARN_COMMA = YES;
				CLANG_WARN_CONSTANT_CONVERSION = YES;
				CLANG_WARN_DEPRECATED_OBJC_IMPLEMENTATIONS = YES;
				CLANG_WARN_DIRECT_OBJC_ISA_USAGE = YES_ERROR;
				CLANG_WARN_DOCUMENTATION_COMMENTS = YES;
				CLANG_WARN_EMPTY_BODY = YES;
				CLANG_WARN_ENUM_CONVERSION = YES;
				CLANG_WARN_INFINITE_RECURSION = YES;
				CLANG_WARN_INT_CONVERSION = YES;
				CLANG_WARN_NON_LITERAL_NULL_CONVERSION = YES;
				CLANG_WARN_OBJC_IMPLICIT_RETAIN_SELF = YES;
				CLANG_WARN_OBJC_LITERAL_CONVERSION = YES;
				CLANG_WARN_OBJC_ROOT_CLASS = YES_ERROR;
				CLANG_WARN_QUOTED_INCLUDE_IN_FRAMEWORK_HEADER = YES;
				CLANG_WARN_RANGE_LOOP_ANALYSIS = YES;
				CLANG_WARN_STRICT_PROTOTYPES = YES;
				CLANG_WARN_SUSPICIOUS_MOVE = YES;
				CLANG_WARN_UNGUARDED_AVAILABILITY = YES_AGGRESSIVE;
				CLANG_WARN_UNREACHABLE_CODE = YES;
				CLANG_WARN__DUPLICATE_METHOD_MATCH = YES;
				COPY_PHASE_STRIP = NO;
				DEAD_CODE_STRIPPING = YES;
				DEBUG_INFORMATION_FORMAT = "dwarf-with-dsym";
				ENABLE_NS_ASSERTIONS = NO;
				ENABLE_STRICT_OBJC_MSGSEND = YES;
				GCC_C_LANGUAGE_STANDARD = gnu11;
				GCC_NO_COMMON_BLOCKS = YES;
				GCC_WARN_64_TO_32_BIT_CONVERSION = YES;
				GCC_WARN_ABOUT_RETURN_TYPE = YES_ERROR;
				GCC_WARN_UNDECLARED_SELECTOR = YES;
				GCC_WARN_UNINITIALIZED_AUTOS = YES_AGGRESSIVE;
				GCC_WARN_UNUSED_FUNCTION = YES;
				GCC_WARN_UNUSED_VARIABLE = YES;
				IPHONEOS_DEPLOYMENT_TARGET = 16.0;
				MTL_ENABLE_DEBUG_INFO = NO;
				MTL_FAST_MATH = YES;
				SWIFT_COMPILATION_MODE = wholemodule;
				SWIFT_OPTIMIZATION_LEVEL = "-O";
			};
			name = Release;
		};
/* End XCBuildConfiguration section */

/* Begin XCConfigurationList section */
		A259062928647383002DDE5F /* Build configuration list for PBXNativeTarget "SmartCitizenApp" */ = {
			isa = XCConfigurationList;
			buildConfigurations = (
				A259062A28647383002DDE5F /* Debug */,
				A259062B28647383002DDE5F /* Release */,
			);
			defaultConfigurationIsVisible = 0;
			defaultConfigurationName = Release;
		};
		A2AD5382289294A30089A2B3 /* Build configuration list for PBXNativeTarget "SmartCitizenClip" */ = {
			isa = XCConfigurationList;
			buildConfigurations = (
				A2AD5380289294A30089A2B3 /* Debug */,
				A2AD5381289294A30089A2B3 /* Release */,
			);
			defaultConfigurationIsVisible = 0;
			defaultConfigurationName = Release;
		};
		A2F0E40B2786FBD0000514BF /* Build configuration list for PBXProject "SmartCitizen" */ = {
			isa = XCConfigurationList;
			buildConfigurations = (
				A2F0E4232786FBD1000514BF /* Debug */,
				A2F0E4242786FBD1000514BF /* Release */,
			);
			defaultConfigurationIsVisible = 0;
			defaultConfigurationName = Release;
		};
/* End XCConfigurationList section */

/* Begin XCSwiftPackageProductDependency section */
		A21AA5DA289639C6005DD620 /* Views */ = {
			isa = XCSwiftPackageProductDependency;
			productName = Views;
		};
		A28DD70C2892978700EBAFE5 /* Views */ = {
			isa = XCSwiftPackageProductDependency;
			productName = Views;
		};
/* End XCSwiftPackageProductDependency section */
	};
	rootObject = A2F0E4082786FBD0000514BF /* Project object */;
}
